
Microsoft Visual Studio Solution File, Format Version 12.00
# Visual Studio Version 16
VisualStudioVersion = 16.0.30523.141
MinimumVisualStudioVersion = 10.0.40219.1
Project("{FAE04EC0-301F-11D3-BF4B-00C04F79EFBC}") = "browserv2", "browserv2\browserv2.csproj", "{6370F71B-588D-4136-B18A-1E845065172C}"
EndProject
Global
	GlobalSection(SolutionConfigurationPlatforms) = preSolution
		Debug|Any CPU = Debug|Any CPU
		Release|Any CPU = Release|Any CPU
	EndGlobalSection
	GlobalSection(ProjectConfigurationPlatforms) = postSolution
		{6370F71B-588D-4136-B18A-1E845065172C}.Debug|Any CPU.ActiveCfg = Debug|Any CPU
		{6370F71B-588D-4136-B18A-1E845065172C}.Debug|Any CPU.Build.0 = Debug|Any CPU
		{6370F71B-588D-4136-B18A-1E845065172C}.Release|Any CPU.ActiveCfg = Release|Any CPU
		{6370F71B-588D-4136-B18A-1E845065172C}.Release|Any CPU.Build.0 = Release|Any CPU
	EndGlobalSection
	GlobalSection(SolutionProperties) = preSolution
		HideSolutionNode = FALSE
	EndGlobalSection
	GlobalSection(ExtensibilityGlobals) = postSolution
		SolutionGuid = {372A1812-F6BC-46CD-B7FE-6CDA4C4B5DAC}
	EndGlobalSection
EndGlobal
